
Microsoft Visual Studio Solution File, Format Version 12.00
# Visual Studio Version 17
VisualStudioVersion = 17.8.34309.116
MinimumVisualStudioVersion = 10.0.40219.1
Project("{FAE04EC0-301F-11D3-BF4B-00C04F79EFBC}") = "laba9", "laba9\laba9.csproj", "{A7140B2B-17B4-4F94-9AA3-C398C5E421C0}"
EndProject
Global
	GlobalSection(SolutionConfigurationPlatforms) = preSolution
		Debug|Any CPU = Debug|Any CPU
		Release|Any CPU = Release|Any CPU
	EndGlobalSection
	GlobalSection(ProjectConfigurationPlatforms) = postSolution
		{A7140B2B-17B4-4F94-9AA3-C398C5E421C0}.Debug|Any CPU.ActiveCfg = Debug|Any CPU
		{A7140B2B-17B4-4F94-9AA3-C398C5E421C0}.Debug|Any CPU.Build.0 = Debug|Any CPU
		{A7140B2B-17B4-4F94-9AA3-C398C5E421C0}.Release|Any CPU.ActiveCfg = Release|Any CPU
		{A7140B2B-17B4-4F94-9AA3-C398C5E421C0}.Release|Any CPU.Build.0 = Release|Any CPU
	EndGlobalSection
	GlobalSection(SolutionProperties) = preSolution
		HideSolutionNode = FALSE
	EndGlobalSection
	GlobalSection(ExtensibilityGlobals) = postSolution
		SolutionGuid = {DCB432FD-9CBB-4DC1-9644-3EF2AD115EF2}
	EndGlobalSection
EndGlobal
