
Microsoft Visual Studio Solution File, Format Version 12.00
# Visual Studio Version 17
VisualStudioVersion = 17.8.34309.116
MinimumVisualStudioVersion = 10.0.40219.1
Project("{FAE04EC0-301F-11D3-BF4B-00C04F79EFBC}") = "laba7", "laba7\laba7.csproj", "{6549CF59-9DBF-413A-9D74-30E9F16B6A69}"
EndProject
Global
	GlobalSection(SolutionConfigurationPlatforms) = preSolution
		Debug|Any CPU = Debug|Any CPU
		Release|Any CPU = Release|Any CPU
	EndGlobalSection
	GlobalSection(ProjectConfigurationPlatforms) = postSolution
		{6549CF59-9DBF-413A-9D74-30E9F16B6A69}.Debug|Any CPU.ActiveCfg = Debug|Any CPU
		{6549CF59-9DBF-413A-9D74-30E9F16B6A69}.Debug|Any CPU.Build.0 = Debug|Any CPU
		{6549CF59-9DBF-413A-9D74-30E9F16B6A69}.Release|Any CPU.ActiveCfg = Release|Any CPU
		{6549CF59-9DBF-413A-9D74-30E9F16B6A69}.Release|Any CPU.Build.0 = Release|Any CPU
	EndGlobalSection
	GlobalSection(SolutionProperties) = preSolution
		HideSolutionNode = FALSE
	EndGlobalSection
	GlobalSection(ExtensibilityGlobals) = postSolution
		SolutionGuid = {B4530738-D6E0-42BD-9F1B-56744FC3946E}
	EndGlobalSection
EndGlobal
